
Microsoft Visual Studio Solution File, Format Version 12.00
# Visual Studio Version 16
VisualStudioVersion = 16.0.33214.272
MinimumVisualStudioVersion = 10.0.40219.1
Project("{8BC9CEB8-8B4A-11D0-8D11-00A0C91BC942}") = "ChessEngine", "ChessEngine.vcxproj", "{8BF12889-2A34-43D9-BB0B-9558B11F371E}"
EndProject
Project("{8BC9CEB8-8B4A-11D0-8D11-00A0C91BC942}") = "ChessProgram", "ChessProgram\ChessProgram.vcxproj", "{54C1857B-A26C-4F08-9057-1A76F9FF902C}"
	ProjectSection(ProjectDependencies) = postProject
		{8BF12889-2A34-43D9-BB0B-9558B11F371E} = {8BF12889-2A34-43D9-BB0B-9558B11F371E}
	EndProjectSection
EndProject
Project("{C7167F0D-BC9F-4E6E-AFE1-012C56B48DB5}") = "Installer", "ChessProgram\Installer\Installer.wapproj", "{861F99D8-84BE-4F16-80B8-CA2A3D4237AE}"
EndProject
Global
	GlobalSection(SolutionConfigurationPlatforms) = preSolution
		Debug|Any CPU = Debug|Any CPU
		Debug|ARM = Debug|ARM
		Debug|ARM64 = Debug|ARM64
		Debug|x64 = Debug|x64
		Debug|x86 = Debug|x86
		Release|Any CPU = Release|Any CPU
		Release|ARM = Release|ARM
		Release|ARM64 = Release|ARM64
		Release|x64 = Release|x64
		Release|x86 = Release|x86
	EndGlobalSection
	GlobalSection(ProjectConfigurationPlatforms) = postSolution
		{8BF12889-2A34-43D9-BB0B-9558B11F371E}.Debug|Any CPU.ActiveCfg = Debug|Win32
		{8BF12889-2A34-43D9-BB0B-9558B11F371E}.Debug|ARM.ActiveCfg = Debug|Win32
		{8BF12889-2A34-43D9-BB0B-9558B11F371E}.Debug|ARM64.ActiveCfg = Debug|Win32
		{8BF12889-2A34-43D9-BB0B-9558B11F371E}.Debug|x64.ActiveCfg = Debug|x64
		{8BF12889-2A34-43D9-BB0B-9558B11F371E}.Debug|x64.Build.0 = Debug|x64
		{8BF12889-2A34-43D9-BB0B-9558B11F371E}.Debug|x86.ActiveCfg = Debug|Win32
		{8BF12889-2A34-43D9-BB0B-9558B11F371E}.Debug|x86.Build.0 = Debug|Win32
		{8BF12889-2A34-43D9-BB0B-9558B11F371E}.Release|Any CPU.ActiveCfg = Release|Win32
		{8BF12889-2A34-43D9-BB0B-9558B11F371E}.Release|ARM.ActiveCfg = Release|Win32
		{8BF12889-2A34-43D9-BB0B-9558B11F371E}.Release|ARM64.ActiveCfg = Release|Win32
		{8BF12889-2A34-43D9-BB0B-9558B11F371E}.Release|x64.ActiveCfg = Release|x64
		{8BF12889-2A34-43D9-BB0B-9558B11F371E}.Release|x64.Build.0 = Release|x64
		{8BF12889-2A34-43D9-BB0B-9558B11F371E}.Release|x86.ActiveCfg = Release|Win32
		{8BF12889-2A34-43D9-BB0B-9558B11F371E}.Release|x86.Build.0 = Release|Win32
		{54C1857B-A26C-4F08-9057-1A76F9FF902C}.Debug|Any CPU.ActiveCfg = Debug|Win32
		{54C1857B-A26C-4F08-9057-1A76F9FF902C}.Debug|ARM.ActiveCfg = Debug|Win32
		{54C1857B-A26C-4F08-9057-1A76F9FF902C}.Debug|ARM64.ActiveCfg = Debug|Win32
		{54C1857B-A26C-4F08-9057-1A76F9FF902C}.Debug|x64.ActiveCfg = Debug|x64
		{54C1857B-A26C-4F08-9057-1A76F9FF902C}.Debug|x64.Build.0 = Debug|x64
		{54C1857B-A26C-4F08-9057-1A76F9FF902C}.Debug|x86.ActiveCfg = Debug|Win32
		{54C1857B-A26C-4F08-9057-1A76F9FF902C}.Debug|x86.Build.0 = Debug|Win32
		{54C1857B-A26C-4F08-9057-1A76F9FF902C}.Release|Any CPU.ActiveCfg = Release|Win32
		{54C1857B-A26C-4F08-9057-1A76F9FF902C}.Release|ARM.ActiveCfg = Release|Win32
		{54C1857B-A26C-4F08-9057-1A76F9FF902C}.Release|ARM64.ActiveCfg = Release|Win32
		{54C1857B-A26C-4F08-9057-1A76F9FF902C}.Release|x64.ActiveCfg = Release|x64
		{54C1857B-A26C-4F08-9057-1A76F9FF902C}.Release|x64.Build.0 = Release|x64
		{54C1857B-A26C-4F08-9057-1A76F9FF902C}.Release|x86.ActiveCfg = Release|Win32
		{54C1857B-A26C-4F08-9057-1A76F9FF902C}.Release|x86.Build.0 = Release|Win32
		{861F99D8-84BE-4F16-80B8-CA2A3D4237AE}.Debug|Any CPU.ActiveCfg = Debug|Any CPU
		{861F99D8-84BE-4F16-80B8-CA2A3D4237AE}.Debug|Any CPU.Build.0 = Debug|Any CPU
		{861F99D8-84BE-4F16-80B8-CA2A3D4237AE}.Debug|Any CPU.Deploy.0 = Debug|Any CPU
		{861F99D8-84BE-4F16-80B8-CA2A3D4237AE}.Debug|ARM.ActiveCfg = Debug|ARM
		{861F99D8-84BE-4F16-80B8-CA2A3D4237AE}.Debug|ARM.Build.0 = Debug|ARM
		{861F99D8-84BE-4F16-80B8-CA2A3D4237AE}.Debug|ARM.Deploy.0 = Debug|ARM
		{861F99D8-84BE-4F16-80B8-CA2A3D4237AE}.Debug|ARM64.ActiveCfg = Debug|ARM64
		{861F99D8-84BE-4F16-80B8-CA2A3D4237AE}.Debug|ARM64.Build.0 = Debug|ARM64
		{861F99D8-84BE-4F16-80B8-CA2A3D4237AE}.Debug|ARM64.Deploy.0 = Debug|ARM64
		{861F99D8-84BE-4F16-80B8-CA2A3D4237AE}.Debug|x64.ActiveCfg = Debug|x64
		{861F99D8-84BE-4F16-80B8-CA2A3D4237AE}.Debug|x64.Build.0 = Debug|x64
		{861F99D8-84BE-4F16-80B8-CA2A3D4237AE}.Debug|x64.Deploy.0 = Debug|x64
		{861F99D8-84BE-4F16-80B8-CA2A3D4237AE}.Debug|x86.ActiveCfg = Debug|x86
		{861F99D8-84BE-4F16-80B8-CA2A3D4237AE}.Debug|x86.Build.0 = Debug|x86
		{861F99D8-84BE-4F16-80B8-CA2A3D4237AE}.Debug|x86.Deploy.0 = Debug|x86
		{861F99D8-84BE-4F16-80B8-CA2A3D4237AE}.Release|Any CPU.ActiveCfg = Release|Any CPU
		{861F99D8-84BE-4F16-80B8-CA2A3D4237AE}.Release|Any CPU.Build.0 = Release|Any CPU
		{861F99D8-84BE-4F16-80B8-CA2A3D4237AE}.Release|Any CPU.Deploy.0 = Release|Any CPU
		{861F99D8-84BE-4F16-80B8-CA2A3D4237AE}.Release|ARM.ActiveCfg = Release|ARM
		{861F99D8-84BE-4F16-80B8-CA2A3D4237AE}.Release|ARM.Build.0 = Release|ARM
		{861F99D8-84BE-4F16-80B8-CA2A3D4237AE}.Release|ARM.Deploy.0 = Release|ARM
		{861F99D8-84BE-4F16-80B8-CA2A3D4237AE}.Release|ARM64.ActiveCfg = Release|ARM64
		{861F99D8-84BE-4F16-80B8-CA2A3D4237AE}.Release|ARM64.Build.0 = Release|ARM64
		{861F99D8-84BE-4F16-80B8-CA2A3D4237AE}.Release|ARM64.Deploy.0 = Release|ARM64
		{861F99D8-84BE-4F16-80B8-CA2A3D4237AE}.Release|x64.ActiveCfg = Release|x64
		{861F99D8-84BE-4F16-80B8-CA2A3D4237AE}.Release|x64.Build.0 = Release|x64
		{861F99D8-84BE-4F16-80B8-CA2A3D4237AE}.Release|x64.Deploy.0 = Release|x64
		{861F99D8-84BE-4F16-80B8-CA2A3D4237AE}.Release|x86.ActiveCfg = Release|x86
		{861F99D8-84BE-4F16-80B8-CA2A3D4237AE}.Release|x86.Build.0 = Release|x86
		{861F99D8-84BE-4F16-80B8-CA2A3D4237AE}.Release|x86.Deploy.0 = Release|x86
	EndGlobalSection
	GlobalSection(SolutionProperties) = preSolution
		HideSolutionNode = FALSE
	EndGlobalSection
	GlobalSection(ExtensibilityGlobals) = postSolution
		SolutionGuid = {DC389144-E5F1-44BB-A743-62AE17EB1C3E}
	EndGlobalSection
EndGlobal
