
Microsoft Visual Studio Solution File, Format Version 12.00
# Visual Studio Version 16
VisualStudioVersion = 16.0.33214.272
MinimumVisualStudioVersion = 10.0.40219.1
Project("{8BC9CEB8-8B4A-11D0-8D11-00A0C91BC942}") = "ChessEngine", "ChessEngine.vcxproj", "{8BF12889-2A34-43D9-BB0B-9558B11F371E}"
EndProject
Project("{8BC9CEB8-8B4A-11D0-8D11-00A0C91BC942}") = "ChessProgram", "ChessProgram\ChessProgram.vcxproj", "{54C1857B-A26C-4F08-9057-1A76F9FF902C}"
	ProjectSection(ProjectDependencies) = postProject
		{8BF12889-2A34-43D9-BB0B-9558B11F371E} = {8BF12889-2A34-43D9-BB0B-9558B11F371E}
	EndProjectSection
EndProject
Project("{54435603-DBB4-11D2-8724-00A0C9A8B90C}") = "ChessInstaller", "ChessProgram\ChessInstaller\ChessInstaller.vdproj", "{294A234F-E538-4F2B-BA5F-975723077F79}"
EndProject
Global
	GlobalSection(SolutionConfigurationPlatforms) = preSolution
		Debug|Any CPU = Debug|Any CPU
		Debug|ARM = Debug|ARM
		Debug|ARM64 = Debug|ARM64
		Debug|x64 = Debug|x64
		Debug|x86 = Debug|x86
		Release|Any CPU = Release|Any CPU
		Release|ARM = Release|ARM
		Release|ARM64 = Release|ARM64
		Release|x64 = Release|x64
		Release|x86 = Release|x86
	EndGlobalSection
	GlobalSection(ProjectConfigurationPlatforms) = postSolution
		{8BF12889-2A34-43D9-BB0B-9558B11F371E}.Debug|Any CPU.ActiveCfg = Debug|Win32
		{8BF12889-2A34-43D9-BB0B-9558B11F371E}.Debug|ARM.ActiveCfg = Debug|Win32
		{8BF12889-2A34-43D9-BB0B-9558B11F371E}.Debug|ARM64.ActiveCfg = Debug|Win32
		{8BF12889-2A34-43D9-BB0B-9558B11F371E}.Debug|x64.ActiveCfg = Debug|x64
		{8BF12889-2A34-43D9-BB0B-9558B11F371E}.Debug|x64.Build.0 = Debug|x64
		{8BF12889-2A34-43D9-BB0B-9558B11F371E}.Debug|x86.ActiveCfg = Debug|Win32
		{8BF12889-2A34-43D9-BB0B-9558B11F371E}.Debug|x86.Build.0 = Debug|Win32
		{8BF12889-2A34-43D9-BB0B-9558B11F371E}.Release|Any CPU.ActiveCfg = Release|Win32
		{8BF12889-2A34-43D9-BB0B-9558B11F371E}.Release|ARM.ActiveCfg = Release|Win32
		{8BF12889-2A34-43D9-BB0B-9558B11F371E}.Release|ARM64.ActiveCfg = Release|Win32
		{8BF12889-2A34-43D9-BB0B-9558B11F371E}.Release|x64.ActiveCfg = Release|x64
		{8BF12889-2A34-43D9-BB0B-9558B11F371E}.Release|x64.Build.0 = Release|x64
		{8BF12889-2A34-43D9-BB0B-9558B11F371E}.Release|x86.ActiveCfg = Release|Win32
		{8BF12889-2A34-43D9-BB0B-9558B11F371E}.Release|x86.Build.0 = Release|Win32
		{54C1857B-A26C-4F08-9057-1A76F9FF902C}.Debug|Any CPU.ActiveCfg = Debug|Win32
		{54C1857B-A26C-4F08-9057-1A76F9FF902C}.Debug|ARM.ActiveCfg = Debug|Win32
		{54C1857B-A26C-4F08-9057-1A76F9FF902C}.Debug|ARM64.ActiveCfg = Debug|Win32
		{54C1857B-A26C-4F08-9057-1A76F9FF902C}.Debug|x64.ActiveCfg = Debug|x64
		{54C1857B-A26C-4F08-9057-1A76F9FF902C}.Debug|x64.Build.0 = Debug|x64
		{54C1857B-A26C-4F08-9057-1A76F9FF902C}.Debug|x86.ActiveCfg = Debug|Win32
		{54C1857B-A26C-4F08-9057-1A76F9FF902C}.Debug|x86.Build.0 = Debug|Win32
		{54C1857B-A26C-4F08-9057-1A76F9FF902C}.Release|Any CPU.ActiveCfg = Release|Win32
		{54C1857B-A26C-4F08-9057-1A76F9FF902C}.Release|ARM.ActiveCfg = Release|Win32
		{54C1857B-A26C-4F08-9057-1A76F9FF902C}.Release|ARM64.ActiveCfg = Release|Win32
		{54C1857B-A26C-4F08-9057-1A76F9FF902C}.Release|x64.ActiveCfg = Release|x64
		{54C1857B-A26C-4F08-9057-1A76F9FF902C}.Release|x64.Build.0 = Release|x64
		{54C1857B-A26C-4F08-9057-1A76F9FF902C}.Release|x86.ActiveCfg = Release|Win32
		{54C1857B-A26C-4F08-9057-1A76F9FF902C}.Release|x86.Build.0 = Release|Win32
		{294A234F-E538-4F2B-BA5F-975723077F79}.Debug|Any CPU.ActiveCfg = Debug
		{294A234F-E538-4F2B-BA5F-975723077F79}.Debug|Any CPU.Build.0 = Debug
		{294A234F-E538-4F2B-BA5F-975723077F79}.Debug|ARM.ActiveCfg = Debug
		{294A234F-E538-4F2B-BA5F-975723077F79}.Debug|ARM.Build.0 = Debug
		{294A234F-E538-4F2B-BA5F-975723077F79}.Debug|ARM64.ActiveCfg = Debug
		{294A234F-E538-4F2B-BA5F-975723077F79}.Debug|ARM64.Build.0 = Debug
		{294A234F-E538-4F2B-BA5F-975723077F79}.Debug|x64.ActiveCfg = Debug
		{294A234F-E538-4F2B-BA5F-975723077F79}.Debug|x64.Build.0 = Debug
		{294A234F-E538-4F2B-BA5F-975723077F79}.Debug|x86.ActiveCfg = Debug
		{294A234F-E538-4F2B-BA5F-975723077F79}.Debug|x86.Build.0 = Debug
		{294A234F-E538-4F2B-BA5F-975723077F79}.Release|Any CPU.ActiveCfg = Release
		{294A234F-E538-4F2B-BA5F-975723077F79}.Release|Any CPU.Build.0 = Release
		{294A234F-E538-4F2B-BA5F-975723077F79}.Release|ARM.ActiveCfg = Release
		{294A234F-E538-4F2B-BA5F-975723077F79}.Release|ARM.Build.0 = Release
		{294A234F-E538-4F2B-BA5F-975723077F79}.Release|ARM64.ActiveCfg = Release
		{294A234F-E538-4F2B-BA5F-975723077F79}.Release|ARM64.Build.0 = Release
		{294A234F-E538-4F2B-BA5F-975723077F79}.Release|x64.ActiveCfg = Release
		{294A234F-E538-4F2B-BA5F-975723077F79}.Release|x64.Build.0 = Release
		{294A234F-E538-4F2B-BA5F-975723077F79}.Release|x86.ActiveCfg = Release
		{294A234F-E538-4F2B-BA5F-975723077F79}.Release|x86.Build.0 = Release
	EndGlobalSection
	GlobalSection(SolutionProperties) = preSolution
		HideSolutionNode = FALSE
	EndGlobalSection
	GlobalSection(ExtensibilityGlobals) = postSolution
		SolutionGuid = {DC389144-E5F1-44BB-A743-62AE17EB1C3E}
	EndGlobalSection
EndGlobal
